
Microsoft Visual Studio Solution File, Format Version 12.00
# Visual Studio Version 17
VisualStudioVersion = 17.13.35828.75 d17.13
MinimumVisualStudioVersion = 10.0.40219.1
Project("{FAE04EC0-301F-11D3-BF4B-00C04F79EFBC}") = "Assessment 5", "Assessment 5\Assessment 5.csproj", "{C06AC116-9B89-464A-B31A-C4AF6E3D8435}"
EndProject
Global
	GlobalSection(SolutionConfigurationPlatforms) = preSolution
		Debug|Any CPU = Debug|Any CPU
		Release|Any CPU = Release|Any CPU
	EndGlobalSection
	GlobalSection(ProjectConfigurationPlatforms) = postSolution
		{C06AC116-9B89-464A-B31A-C4AF6E3D8435}.Debug|Any CPU.ActiveCfg = Debug|Any CPU
		{C06AC116-9B89-464A-B31A-C4AF6E3D8435}.Debug|Any CPU.Build.0 = Debug|Any CPU
		{C06AC116-9B89-464A-B31A-C4AF6E3D8435}.Release|Any CPU.ActiveCfg = Release|Any CPU
		{C06AC116-9B89-464A-B31A-C4AF6E3D8435}.Release|Any CPU.Build.0 = Release|Any CPU
	EndGlobalSection
	GlobalSection(SolutionProperties) = preSolution
		HideSolutionNode = FALSE
	EndGlobalSection
	GlobalSection(ExtensibilityGlobals) = postSolution
		SolutionGuid = {6FB0B164-1272-4712-A0C7-54398EB485C8}
	EndGlobalSection
EndGlobal
